
Microsoft Visual Studio Solution File, Format Version 12.00
# Visual Studio Version 17
VisualStudioVersion = 17.10.35027.167
MinimumVisualStudioVersion = 10.0.40219.1
Project("{FAE04EC0-301F-11D3-BF4B-00C04F79EFBC}") = "Hamburguer", "Hamburguer\Hamburguer.csproj", "{8DBEC371-35CB-42D5-8E3E-2F136FCB4CC4}"
EndProject
Global
	GlobalSection(SolutionConfigurationPlatforms) = preSolution
		Debug|Any CPU = Debug|Any CPU
		Release|Any CPU = Release|Any CPU
	EndGlobalSection
	GlobalSection(ProjectConfigurationPlatforms) = postSolution
		{8DBEC371-35CB-42D5-8E3E-2F136FCB4CC4}.Debug|Any CPU.ActiveCfg = Debug|Any CPU
		{8DBEC371-35CB-42D5-8E3E-2F136FCB4CC4}.Debug|Any CPU.Build.0 = Debug|Any CPU
		{8DBEC371-35CB-42D5-8E3E-2F136FCB4CC4}.Release|Any CPU.ActiveCfg = Release|Any CPU
		{8DBEC371-35CB-42D5-8E3E-2F136FCB4CC4}.Release|Any CPU.Build.0 = Release|Any CPU
	EndGlobalSection
	GlobalSection(SolutionProperties) = preSolution
		HideSolutionNode = FALSE
	EndGlobalSection
	GlobalSection(ExtensibilityGlobals) = postSolution
		SolutionGuid = {4D74B274-C609-48C5-9DC7-460FD64B2EFA}
	EndGlobalSection
EndGlobal
